
Microsoft Visual Studio Solution File, Format Version 12.00
Project("{FAE04EC0-301F-11D3-BF4B-00C04F79EFBC}") = "HomeAutomation.Netatmo.Query", "HomeAutomation.Netatmo.Query\HomeAutomation.Netatmo.Query.csproj", "{C62BBF93-7D53-496C-81EB-5A597AF77D24}"
EndProject
Project("{2150E333-8FDC-42A3-9474-1A3956D46DE8}") = "Netatmo", "Netatmo", "{83DC93F0-B6A8-4943-BB7B-7AC5D4167C76}"
EndProject
Project("{FAE04EC0-301F-11D3-BF4B-00C04F79EFBC}") = "HomeAutomation.Event.Model", "HomeAutomation.Event.Model\HomeAutomation.Event.Model.csproj", "{6B7A1A5B-E9E5-4263-A8E6-88384CCC765C}"
EndProject
Project("{FAE04EC0-301F-11D3-BF4B-00C04F79EFBC}") = "HomeAutomation.Event.Infrastructure", "HomeAutomation.Event.Infrastructure\HomeAutomation.Event.Infrastructure.csproj", "{433F9EB7-A676-4E1F-AC69-1531689A8B7F}"
EndProject
Project("{FAE04EC0-301F-11D3-BF4B-00C04F79EFBC}") = "HomeAutomation.Event.Weather", "HomeAutomation.Event.Weather\HomeAutomation.Event.Weather.csproj", "{C0DCA161-EF65-438B-BB4A-24D9B9994E96}"
EndProject
Project("{FAE04EC0-301F-11D3-BF4B-00C04F79EFBC}") = "HomeAutomation.Referential", "HomeAutomation.Referential\HomeAutomation.Referential.csproj", "{DD8FE44F-CE53-4849-BFC3-3754441B06E8}"
EndProject
Global
	GlobalSection(SolutionConfigurationPlatforms) = preSolution
		Debug|Any CPU = Debug|Any CPU
		Release|Any CPU = Release|Any CPU
	EndGlobalSection
	GlobalSection(ProjectConfigurationPlatforms) = postSolution
		{C62BBF93-7D53-496C-81EB-5A597AF77D24}.Debug|Any CPU.ActiveCfg = Debug|Any CPU
		{C62BBF93-7D53-496C-81EB-5A597AF77D24}.Debug|Any CPU.Build.0 = Debug|Any CPU
		{C62BBF93-7D53-496C-81EB-5A597AF77D24}.Release|Any CPU.ActiveCfg = Release|Any CPU
		{C62BBF93-7D53-496C-81EB-5A597AF77D24}.Release|Any CPU.Build.0 = Release|Any CPU
		{6B7A1A5B-E9E5-4263-A8E6-88384CCC765C}.Debug|Any CPU.ActiveCfg = Debug|Any CPU
		{6B7A1A5B-E9E5-4263-A8E6-88384CCC765C}.Debug|Any CPU.Build.0 = Debug|Any CPU
		{6B7A1A5B-E9E5-4263-A8E6-88384CCC765C}.Release|Any CPU.ActiveCfg = Release|Any CPU
		{6B7A1A5B-E9E5-4263-A8E6-88384CCC765C}.Release|Any CPU.Build.0 = Release|Any CPU
		{433F9EB7-A676-4E1F-AC69-1531689A8B7F}.Debug|Any CPU.ActiveCfg = Debug|Any CPU
		{433F9EB7-A676-4E1F-AC69-1531689A8B7F}.Debug|Any CPU.Build.0 = Debug|Any CPU
		{433F9EB7-A676-4E1F-AC69-1531689A8B7F}.Release|Any CPU.ActiveCfg = Release|Any CPU
		{433F9EB7-A676-4E1F-AC69-1531689A8B7F}.Release|Any CPU.Build.0 = Release|Any CPU
		{C0DCA161-EF65-438B-BB4A-24D9B9994E96}.Debug|Any CPU.ActiveCfg = Debug|Any CPU
		{C0DCA161-EF65-438B-BB4A-24D9B9994E96}.Debug|Any CPU.Build.0 = Debug|Any CPU
		{C0DCA161-EF65-438B-BB4A-24D9B9994E96}.Release|Any CPU.ActiveCfg = Release|Any CPU
		{C0DCA161-EF65-438B-BB4A-24D9B9994E96}.Release|Any CPU.Build.0 = Release|Any CPU
		{DD8FE44F-CE53-4849-BFC3-3754441B06E8}.Debug|Any CPU.ActiveCfg = Debug|Any CPU
		{DD8FE44F-CE53-4849-BFC3-3754441B06E8}.Debug|Any CPU.Build.0 = Debug|Any CPU
		{DD8FE44F-CE53-4849-BFC3-3754441B06E8}.Release|Any CPU.ActiveCfg = Release|Any CPU
		{DD8FE44F-CE53-4849-BFC3-3754441B06E8}.Release|Any CPU.Build.0 = Release|Any CPU
	EndGlobalSection
	GlobalSection(NestedProjects) = preSolution
		{C62BBF93-7D53-496C-81EB-5A597AF77D24} = {83DC93F0-B6A8-4943-BB7B-7AC5D4167C76}
	EndGlobalSection
EndGlobal
